
Microsoft Visual Studio Solution File, Format Version 12.00
# Visual Studio Version 17
VisualStudioVersion = 17.11.35208.52
MinimumVisualStudioVersion = 10.0.40219.1
Project("{2150E333-8FDC-42A3-9474-1A3956D46DE8}") = "src", "src", "{FE593147-704F-431E-BFAB-6382C600DFA6}"
EndProject
Project("{2150E333-8FDC-42A3-9474-1A3956D46DE8}") = "tests", "tests", "{1F82B5D3-F097-486F-97E0-B1300919A7A2}"
EndProject
Project("{2150E333-8FDC-42A3-9474-1A3956D46DE8}") = "Backend", "Backend", "{A7C24966-E815-4AB8-A9EC-05CDF8D0027D}"
EndProject
Project("{2150E333-8FDC-42A3-9474-1A3956D46DE8}") = "Shared", "Shared", "{802C472B-AA9F-42BC-861B-F2AA3023938C}"
EndProject
Project("{9A19103F-16F7-4668-BE54-9A1E7A4F7556}") = "MyRecipeBook.Domain", "src\Backend\MyRecipeBook.Domain\MyRecipeBook.Domain.csproj", "{1FF88BA3-FFD2-4B2B-8300-68614EF1A6C0}"
EndProject
Project("{9A19103F-16F7-4668-BE54-9A1E7A4F7556}") = "MyRecipeBook.Infrastructure", "src\Backend\MyRecipeBook.Infrastructure\MyRecipeBook.Infrastructure.csproj", "{F5237B57-DEF8-4645-B8E1-48FACB44FDC9}"
EndProject
Project("{9A19103F-16F7-4668-BE54-9A1E7A4F7556}") = "MyRecipeBook.Communication", "src\Shared\MyRecipeBook.Communication\MyRecipeBook.Communication.csproj", "{1530A6D1-E801-4291-A9EC-E73C6B057E72}"
EndProject
Project("{9A19103F-16F7-4668-BE54-9A1E7A4F7556}") = "MyRecipeBook.Exceptions", "src\Shared\MyRecipeBook.Exceptions\MyRecipeBook.Exceptions.csproj", "{D925DCF4-FEB6-4C98-A165-7576BCE9D7B2}"
EndProject
Project("{9A19103F-16F7-4668-BE54-9A1E7A4F7556}") = "MyRecipeBook.Application", "src\Backend\MyRecipeBook.Application\MyRecipeBook.Application.csproj", "{E89305A0-F3F8-478A-B245-B616829F0127}"
EndProject
Project("{FAE04EC0-301F-11D3-BF4B-00C04F79EFBC}") = "MyRecipeBook.API", "src\Backend\MyRecipeBook.API\MyRecipeBook.API.csproj", "{41B896B6-602F-444B-BDE1-FFEA01DD9D93}"
EndProject
Project("{FAE04EC0-301F-11D3-BF4B-00C04F79EFBC}") = "CommonTestsUtilities", "tests\CommonTestsUtilities\CommonTestsUtilities.csproj", "{97C112A4-CEED-4F3E-A242-A4D8969E3950}"
EndProject
Project("{FAE04EC0-301F-11D3-BF4B-00C04F79EFBC}") = "UseCases.Test", "tests\UseCases.Test\UseCases.Test.csproj", "{B120AF0B-7DC9-466F-BB7A-ED1703F0EB4A}"
EndProject
Project("{FAE04EC0-301F-11D3-BF4B-00C04F79EFBC}") = "Validators.Test", "tests\Validators.Test\Validators.Test.csproj", "{574CD34A-3CE1-4F68-A795-A5FAC1F7A029}"
EndProject
Project("{FAE04EC0-301F-11D3-BF4B-00C04F79EFBC}") = "WebAPI.Test", "tests\WebAPI.Test\WebAPI.Test.csproj", "{D183208E-90E1-4A4D-B1D8-A5DB44B4C9EE}"
EndProject
Global
	GlobalSection(SolutionConfigurationPlatforms) = preSolution
		Debug|Any CPU = Debug|Any CPU
		Debug|x64 = Debug|x64
		Debug|x86 = Debug|x86
		Release|Any CPU = Release|Any CPU
		Release|x64 = Release|x64
		Release|x86 = Release|x86
	EndGlobalSection
	GlobalSection(ProjectConfigurationPlatforms) = postSolution
		{1FF88BA3-FFD2-4B2B-8300-68614EF1A6C0}.Debug|Any CPU.ActiveCfg = Debug|Any CPU
		{1FF88BA3-FFD2-4B2B-8300-68614EF1A6C0}.Debug|Any CPU.Build.0 = Debug|Any CPU
		{1FF88BA3-FFD2-4B2B-8300-68614EF1A6C0}.Debug|x64.ActiveCfg = Debug|Any CPU
		{1FF88BA3-FFD2-4B2B-8300-68614EF1A6C0}.Debug|x64.Build.0 = Debug|Any CPU
		{1FF88BA3-FFD2-4B2B-8300-68614EF1A6C0}.Debug|x86.ActiveCfg = Debug|Any CPU
		{1FF88BA3-FFD2-4B2B-8300-68614EF1A6C0}.Debug|x86.Build.0 = Debug|Any CPU
		{1FF88BA3-FFD2-4B2B-8300-68614EF1A6C0}.Release|Any CPU.ActiveCfg = Release|Any CPU
		{1FF88BA3-FFD2-4B2B-8300-68614EF1A6C0}.Release|Any CPU.Build.0 = Release|Any CPU
		{1FF88BA3-FFD2-4B2B-8300-68614EF1A6C0}.Release|x64.ActiveCfg = Release|Any CPU
		{1FF88BA3-FFD2-4B2B-8300-68614EF1A6C0}.Release|x64.Build.0 = Release|Any CPU
		{1FF88BA3-FFD2-4B2B-8300-68614EF1A6C0}.Release|x86.ActiveCfg = Release|Any CPU
		{1FF88BA3-FFD2-4B2B-8300-68614EF1A6C0}.Release|x86.Build.0 = Release|Any CPU
		{F5237B57-DEF8-4645-B8E1-48FACB44FDC9}.Debug|Any CPU.ActiveCfg = Debug|Any CPU
		{F5237B57-DEF8-4645-B8E1-48FACB44FDC9}.Debug|Any CPU.Build.0 = Debug|Any CPU
		{F5237B57-DEF8-4645-B8E1-48FACB44FDC9}.Debug|x64.ActiveCfg = Debug|Any CPU
		{F5237B57-DEF8-4645-B8E1-48FACB44FDC9}.Debug|x64.Build.0 = Debug|Any CPU
		{F5237B57-DEF8-4645-B8E1-48FACB44FDC9}.Debug|x86.ActiveCfg = Debug|Any CPU
		{F5237B57-DEF8-4645-B8E1-48FACB44FDC9}.Debug|x86.Build.0 = Debug|Any CPU
		{F5237B57-DEF8-4645-B8E1-48FACB44FDC9}.Release|Any CPU.ActiveCfg = Release|Any CPU
		{F5237B57-DEF8-4645-B8E1-48FACB44FDC9}.Release|Any CPU.Build.0 = Release|Any CPU
		{F5237B57-DEF8-4645-B8E1-48FACB44FDC9}.Release|x64.ActiveCfg = Release|Any CPU
		{F5237B57-DEF8-4645-B8E1-48FACB44FDC9}.Release|x64.Build.0 = Release|Any CPU
		{F5237B57-DEF8-4645-B8E1-48FACB44FDC9}.Release|x86.ActiveCfg = Release|Any CPU
		{F5237B57-DEF8-4645-B8E1-48FACB44FDC9}.Release|x86.Build.0 = Release|Any CPU
		{1530A6D1-E801-4291-A9EC-E73C6B057E72}.Debug|Any CPU.ActiveCfg = Debug|Any CPU
		{1530A6D1-E801-4291-A9EC-E73C6B057E72}.Debug|Any CPU.Build.0 = Debug|Any CPU
		{1530A6D1-E801-4291-A9EC-E73C6B057E72}.Debug|x64.ActiveCfg = Debug|Any CPU
		{1530A6D1-E801-4291-A9EC-E73C6B057E72}.Debug|x64.Build.0 = Debug|Any CPU
		{1530A6D1-E801-4291-A9EC-E73C6B057E72}.Debug|x86.ActiveCfg = Debug|Any CPU
		{1530A6D1-E801-4291-A9EC-E73C6B057E72}.Debug|x86.Build.0 = Debug|Any CPU
		{1530A6D1-E801-4291-A9EC-E73C6B057E72}.Release|Any CPU.ActiveCfg = Release|Any CPU
		{1530A6D1-E801-4291-A9EC-E73C6B057E72}.Release|Any CPU.Build.0 = Release|Any CPU
		{1530A6D1-E801-4291-A9EC-E73C6B057E72}.Release|x64.ActiveCfg = Release|Any CPU
		{1530A6D1-E801-4291-A9EC-E73C6B057E72}.Release|x64.Build.0 = Release|Any CPU
		{1530A6D1-E801-4291-A9EC-E73C6B057E72}.Release|x86.ActiveCfg = Release|Any CPU
		{1530A6D1-E801-4291-A9EC-E73C6B057E72}.Release|x86.Build.0 = Release|Any CPU
		{D925DCF4-FEB6-4C98-A165-7576BCE9D7B2}.Debug|Any CPU.ActiveCfg = Debug|Any CPU
		{D925DCF4-FEB6-4C98-A165-7576BCE9D7B2}.Debug|Any CPU.Build.0 = Debug|Any CPU
		{D925DCF4-FEB6-4C98-A165-7576BCE9D7B2}.Debug|x64.ActiveCfg = Debug|Any CPU
		{D925DCF4-FEB6-4C98-A165-7576BCE9D7B2}.Debug|x64.Build.0 = Debug|Any CPU
		{D925DCF4-FEB6-4C98-A165-7576BCE9D7B2}.Debug|x86.ActiveCfg = Debug|Any CPU
		{D925DCF4-FEB6-4C98-A165-7576BCE9D7B2}.Debug|x86.Build.0 = Debug|Any CPU
		{D925DCF4-FEB6-4C98-A165-7576BCE9D7B2}.Release|Any CPU.ActiveCfg = Release|Any CPU
		{D925DCF4-FEB6-4C98-A165-7576BCE9D7B2}.Release|Any CPU.Build.0 = Release|Any CPU
		{D925DCF4-FEB6-4C98-A165-7576BCE9D7B2}.Release|x64.ActiveCfg = Release|Any CPU
		{D925DCF4-FEB6-4C98-A165-7576BCE9D7B2}.Release|x64.Build.0 = Release|Any CPU
		{D925DCF4-FEB6-4C98-A165-7576BCE9D7B2}.Release|x86.ActiveCfg = Release|Any CPU
		{D925DCF4-FEB6-4C98-A165-7576BCE9D7B2}.Release|x86.Build.0 = Release|Any CPU
		{E89305A0-F3F8-478A-B245-B616829F0127}.Debug|Any CPU.ActiveCfg = Debug|Any CPU
		{E89305A0-F3F8-478A-B245-B616829F0127}.Debug|Any CPU.Build.0 = Debug|Any CPU
		{E89305A0-F3F8-478A-B245-B616829F0127}.Debug|x64.ActiveCfg = Debug|Any CPU
		{E89305A0-F3F8-478A-B245-B616829F0127}.Debug|x64.Build.0 = Debug|Any CPU
		{E89305A0-F3F8-478A-B245-B616829F0127}.Debug|x86.ActiveCfg = Debug|Any CPU
		{E89305A0-F3F8-478A-B245-B616829F0127}.Debug|x86.Build.0 = Debug|Any CPU
		{E89305A0-F3F8-478A-B245-B616829F0127}.Release|Any CPU.ActiveCfg = Release|Any CPU
		{E89305A0-F3F8-478A-B245-B616829F0127}.Release|Any CPU.Build.0 = Release|Any CPU
		{E89305A0-F3F8-478A-B245-B616829F0127}.Release|x64.ActiveCfg = Release|Any CPU
		{E89305A0-F3F8-478A-B245-B616829F0127}.Release|x64.Build.0 = Release|Any CPU
		{E89305A0-F3F8-478A-B245-B616829F0127}.Release|x86.ActiveCfg = Release|Any CPU
		{E89305A0-F3F8-478A-B245-B616829F0127}.Release|x86.Build.0 = Release|Any CPU
		{41B896B6-602F-444B-BDE1-FFEA01DD9D93}.Debug|Any CPU.ActiveCfg = Debug|Any CPU
		{41B896B6-602F-444B-BDE1-FFEA01DD9D93}.Debug|Any CPU.Build.0 = Debug|Any CPU
		{41B896B6-602F-444B-BDE1-FFEA01DD9D93}.Debug|x64.ActiveCfg = Debug|Any CPU
		{41B896B6-602F-444B-BDE1-FFEA01DD9D93}.Debug|x64.Build.0 = Debug|Any CPU
		{41B896B6-602F-444B-BDE1-FFEA01DD9D93}.Debug|x86.ActiveCfg = Debug|Any CPU
		{41B896B6-602F-444B-BDE1-FFEA01DD9D93}.Debug|x86.Build.0 = Debug|Any CPU
		{41B896B6-602F-444B-BDE1-FFEA01DD9D93}.Release|Any CPU.ActiveCfg = Release|Any CPU
		{41B896B6-602F-444B-BDE1-FFEA01DD9D93}.Release|Any CPU.Build.0 = Release|Any CPU
		{41B896B6-602F-444B-BDE1-FFEA01DD9D93}.Release|x64.ActiveCfg = Release|Any CPU
		{41B896B6-602F-444B-BDE1-FFEA01DD9D93}.Release|x64.Build.0 = Release|Any CPU
		{41B896B6-602F-444B-BDE1-FFEA01DD9D93}.Release|x86.ActiveCfg = Release|Any CPU
		{41B896B6-602F-444B-BDE1-FFEA01DD9D93}.Release|x86.Build.0 = Release|Any CPU
		{97C112A4-CEED-4F3E-A242-A4D8969E3950}.Debug|Any CPU.ActiveCfg = Debug|Any CPU
		{97C112A4-CEED-4F3E-A242-A4D8969E3950}.Debug|Any CPU.Build.0 = Debug|Any CPU
		{97C112A4-CEED-4F3E-A242-A4D8969E3950}.Debug|x64.ActiveCfg = Debug|Any CPU
		{97C112A4-CEED-4F3E-A242-A4D8969E3950}.Debug|x64.Build.0 = Debug|Any CPU
		{97C112A4-CEED-4F3E-A242-A4D8969E3950}.Debug|x86.ActiveCfg = Debug|Any CPU
		{97C112A4-CEED-4F3E-A242-A4D8969E3950}.Debug|x86.Build.0 = Debug|Any CPU
		{97C112A4-CEED-4F3E-A242-A4D8969E3950}.Release|Any CPU.ActiveCfg = Release|Any CPU
		{97C112A4-CEED-4F3E-A242-A4D8969E3950}.Release|Any CPU.Build.0 = Release|Any CPU
		{97C112A4-CEED-4F3E-A242-A4D8969E3950}.Release|x64.ActiveCfg = Release|Any CPU
		{97C112A4-CEED-4F3E-A242-A4D8969E3950}.Release|x64.Build.0 = Release|Any CPU
		{97C112A4-CEED-4F3E-A242-A4D8969E3950}.Release|x86.ActiveCfg = Release|Any CPU
		{97C112A4-CEED-4F3E-A242-A4D8969E3950}.Release|x86.Build.0 = Release|Any CPU
		{B120AF0B-7DC9-466F-BB7A-ED1703F0EB4A}.Debug|Any CPU.ActiveCfg = Debug|Any CPU
		{B120AF0B-7DC9-466F-BB7A-ED1703F0EB4A}.Debug|Any CPU.Build.0 = Debug|Any CPU
		{B120AF0B-7DC9-466F-BB7A-ED1703F0EB4A}.Debug|x64.ActiveCfg = Debug|Any CPU
		{B120AF0B-7DC9-466F-BB7A-ED1703F0EB4A}.Debug|x64.Build.0 = Debug|Any CPU
		{B120AF0B-7DC9-466F-BB7A-ED1703F0EB4A}.Debug|x86.ActiveCfg = Debug|Any CPU
		{B120AF0B-7DC9-466F-BB7A-ED1703F0EB4A}.Debug|x86.Build.0 = Debug|Any CPU
		{B120AF0B-7DC9-466F-BB7A-ED1703F0EB4A}.Release|Any CPU.ActiveCfg = Release|Any CPU
		{B120AF0B-7DC9-466F-BB7A-ED1703F0EB4A}.Release|Any CPU.Build.0 = Release|Any CPU
		{B120AF0B-7DC9-466F-BB7A-ED1703F0EB4A}.Release|x64.ActiveCfg = Release|Any CPU
		{B120AF0B-7DC9-466F-BB7A-ED1703F0EB4A}.Release|x64.Build.0 = Release|Any CPU
		{B120AF0B-7DC9-466F-BB7A-ED1703F0EB4A}.Release|x86.ActiveCfg = Release|Any CPU
		{B120AF0B-7DC9-466F-BB7A-ED1703F0EB4A}.Release|x86.Build.0 = Release|Any CPU
		{574CD34A-3CE1-4F68-A795-A5FAC1F7A029}.Debug|Any CPU.ActiveCfg = Debug|Any CPU
		{574CD34A-3CE1-4F68-A795-A5FAC1F7A029}.Debug|Any CPU.Build.0 = Debug|Any CPU
		{574CD34A-3CE1-4F68-A795-A5FAC1F7A029}.Debug|x64.ActiveCfg = Debug|Any CPU
		{574CD34A-3CE1-4F68-A795-A5FAC1F7A029}.Debug|x64.Build.0 = Debug|Any CPU
		{574CD34A-3CE1-4F68-A795-A5FAC1F7A029}.Debug|x86.ActiveCfg = Debug|Any CPU
		{574CD34A-3CE1-4F68-A795-A5FAC1F7A029}.Debug|x86.Build.0 = Debug|Any CPU
		{574CD34A-3CE1-4F68-A795-A5FAC1F7A029}.Release|Any CPU.ActiveCfg = Release|Any CPU
		{574CD34A-3CE1-4F68-A795-A5FAC1F7A029}.Release|Any CPU.Build.0 = Release|Any CPU
		{574CD34A-3CE1-4F68-A795-A5FAC1F7A029}.Release|x64.ActiveCfg = Release|Any CPU
		{574CD34A-3CE1-4F68-A795-A5FAC1F7A029}.Release|x64.Build.0 = Release|Any CPU
		{574CD34A-3CE1-4F68-A795-A5FAC1F7A029}.Release|x86.ActiveCfg = Release|Any CPU
		{574CD34A-3CE1-4F68-A795-A5FAC1F7A029}.Release|x86.Build.0 = Release|Any CPU
		{D183208E-90E1-4A4D-B1D8-A5DB44B4C9EE}.Debug|Any CPU.ActiveCfg = Debug|Any CPU
		{D183208E-90E1-4A4D-B1D8-A5DB44B4C9EE}.Debug|Any CPU.Build.0 = Debug|Any CPU
		{D183208E-90E1-4A4D-B1D8-A5DB44B4C9EE}.Debug|x64.ActiveCfg = Debug|Any CPU
		{D183208E-90E1-4A4D-B1D8-A5DB44B4C9EE}.Debug|x64.Build.0 = Debug|Any CPU
		{D183208E-90E1-4A4D-B1D8-A5DB44B4C9EE}.Debug|x86.ActiveCfg = Debug|Any CPU
		{D183208E-90E1-4A4D-B1D8-A5DB44B4C9EE}.Debug|x86.Build.0 = Debug|Any CPU
		{D183208E-90E1-4A4D-B1D8-A5DB44B4C9EE}.Release|Any CPU.ActiveCfg = Release|Any CPU
		{D183208E-90E1-4A4D-B1D8-A5DB44B4C9EE}.Release|Any CPU.Build.0 = Release|Any CPU
		{D183208E-90E1-4A4D-B1D8-A5DB44B4C9EE}.Release|x64.ActiveCfg = Release|Any CPU
		{D183208E-90E1-4A4D-B1D8-A5DB44B4C9EE}.Release|x64.Build.0 = Release|Any CPU
		{D183208E-90E1-4A4D-B1D8-A5DB44B4C9EE}.Release|x86.ActiveCfg = Release|Any CPU
		{D183208E-90E1-4A4D-B1D8-A5DB44B4C9EE}.Release|x86.Build.0 = Release|Any CPU
	EndGlobalSection
	GlobalSection(SolutionProperties) = preSolution
		HideSolutionNode = FALSE
	EndGlobalSection
	GlobalSection(NestedProjects) = preSolution
		{A7C24966-E815-4AB8-A9EC-05CDF8D0027D} = {FE593147-704F-431E-BFAB-6382C600DFA6}
		{802C472B-AA9F-42BC-861B-F2AA3023938C} = {FE593147-704F-431E-BFAB-6382C600DFA6}
		{1FF88BA3-FFD2-4B2B-8300-68614EF1A6C0} = {A7C24966-E815-4AB8-A9EC-05CDF8D0027D}
		{F5237B57-DEF8-4645-B8E1-48FACB44FDC9} = {A7C24966-E815-4AB8-A9EC-05CDF8D0027D}
		{1530A6D1-E801-4291-A9EC-E73C6B057E72} = {802C472B-AA9F-42BC-861B-F2AA3023938C}
		{D925DCF4-FEB6-4C98-A165-7576BCE9D7B2} = {802C472B-AA9F-42BC-861B-F2AA3023938C}
		{E89305A0-F3F8-478A-B245-B616829F0127} = {A7C24966-E815-4AB8-A9EC-05CDF8D0027D}
		{41B896B6-602F-444B-BDE1-FFEA01DD9D93} = {A7C24966-E815-4AB8-A9EC-05CDF8D0027D}
		{97C112A4-CEED-4F3E-A242-A4D8969E3950} = {1F82B5D3-F097-486F-97E0-B1300919A7A2}
		{B120AF0B-7DC9-466F-BB7A-ED1703F0EB4A} = {1F82B5D3-F097-486F-97E0-B1300919A7A2}
		{574CD34A-3CE1-4F68-A795-A5FAC1F7A029} = {1F82B5D3-F097-486F-97E0-B1300919A7A2}
		{D183208E-90E1-4A4D-B1D8-A5DB44B4C9EE} = {1F82B5D3-F097-486F-97E0-B1300919A7A2}
	EndGlobalSection
	GlobalSection(ExtensibilityGlobals) = postSolution
		SolutionGuid = {B3D98A8E-2421-46E3-B78C-211A8DB96ED1}
	EndGlobalSection
EndGlobal
